// !$*UTF8*$!
{
	archiveVersion = 1;
	classes = {
	};
	objectVersion = 50;
	objects = {

/* Begin PBXBuildFile section */
		5B02EB9B215E09E7009B8346 /* Localizable.strings in Resources */ = {isa = PBXBuildFile; fileRef = 5B02EB9D215E09E7009B8346 /* Localizable.strings */; };
		5B02EBA7215E0FED009B8346 /* NewViewController.storyboard in Resources */ = {isa = PBXBuildFile; fileRef = 5B02EBA9215E0FED009B8346 /* NewViewController.storyboard */; };
		5B27AC4E215A3C8C00D1384E /* ImageCollectionViewLayout.swift in Sources */ = {isa = PBXBuildFile; fileRef = 5B27AC4D215A3C8C00D1384E /* ImageCollectionViewLayout.swift */; };
		5B27AC50215A73B500D1384E /* ScrollCollectionViewController.swift in Sources */ = {isa = PBXBuildFile; fileRef = 5B27AC4F215A73B500D1384E /* ScrollCollectionViewController.swift */; };
		5B27DA272150E5A2009E8B48 /* CustomPopAnimator.swift in Sources */ = {isa = PBXBuildFile; fileRef = 5B27DA262150E5A2009E8B48 /* CustomPopAnimator.swift */; };
		5B27DA2A21511B1A009E8B48 /* UIObjectViewController.swift in Sources */ = {isa = PBXBuildFile; fileRef = 5B27DA2921511B1A009E8B48 /* UIObjectViewController.swift */; };
		5B27DA2C215124AB009E8B48 /* Star.swift in Sources */ = {isa = PBXBuildFile; fileRef = 5B27DA2B215124AB009E8B48 /* Star.swift */; };
		5B2F243C21635B140044F93A /* NetworkRequestBuilder.swift in Sources */ = {isa = PBXBuildFile; fileRef = 5B2F243B21635B140044F93A /* NetworkRequestBuilder.swift */; };
		5B2F2440216394430044F93A /* TestApiController.swift in Sources */ = {isa = PBXBuildFile; fileRef = 5B2F243F216394430044F93A /* TestApiController.swift */; };
		5B30F4A9214A961E0078D070 /* TextViewController.swift in Sources */ = {isa = PBXBuildFile; fileRef = 5B30F4A8214A961E0078D070 /* TextViewController.swift */; };
		5B30F4AE214A96200078D070 /* Assets.xcassets in Resources */ = {isa = PBXBuildFile; fileRef = 5B30F4AD214A96200078D070 /* Assets.xcassets */; };
		5B30F4B1214A96200078D070 /* LaunchScreen.storyboard in Resources */ = {isa = PBXBuildFile; fileRef = 5B30F4AF214A96200078D070 /* LaunchScreen.storyboard */; };
		5B30F4BB214A98AC0078D070 /* SecondViewController.swift in Sources */ = {isa = PBXBuildFile; fileRef = 5B30F4BA214A98AC0078D070 /* SecondViewController.swift */; };
		5B30F4BD214A98B40078D070 /* ThirdViewController.swift in Sources */ = {isa = PBXBuildFile; fileRef = 5B30F4BC214A98B40078D070 /* ThirdViewController.swift */; };
		5B30F4BF214A98D70078D070 /* FourthViewController.swift in Sources */ = {isa = PBXBuildFile; fileRef = 5B30F4BE214A98D70078D070 /* FourthViewController.swift */; };
		5B30F4C1214A98DE0078D070 /* NewViewController.swift in Sources */ = {isa = PBXBuildFile; fileRef = 5B30F4C0214A98DE0078D070 /* NewViewController.swift */; };
		5B30F4C3214A9C8D0078D070 /* AnimationFromRightCorner.swift in Sources */ = {isa = PBXBuildFile; fileRef = 5B30F4C2214A9C8D0078D070 /* AnimationFromRightCorner.swift */; };
		5B3384B62153993600736F5D /* DynamicsViewController.swift in Sources */ = {isa = PBXBuildFile; fileRef = 5B3384B52153993600736F5D /* DynamicsViewController.swift */; };
		5B3384BA2153A07400736F5D /* DynamicsView.swift in Sources */ = {isa = PBXBuildFile; fileRef = 5B3384B92153A07400736F5D /* DynamicsView.swift */; };
		5B3384BC2153E5CD00736F5D /* AnimationsViewController.swift in Sources */ = {isa = PBXBuildFile; fileRef = 5B3384BB2153E5CD00736F5D /* AnimationsViewController.swift */; };
		5B38A3172154DD5D00B73B79 /* PresentingViewController.swift in Sources */ = {isa = PBXBuildFile; fileRef = 5B38A3162154DD5D00B73B79 /* PresentingViewController.swift */; };
		5B38A3192154E40A00B73B79 /* PresentRotateAnimation.swift in Sources */ = {isa = PBXBuildFile; fileRef = 5B38A3182154E40A00B73B79 /* PresentRotateAnimation.swift */; };
		5B38A31B2154EDCE00B73B79 /* PresentWithDamping.swift in Sources */ = {isa = PBXBuildFile; fileRef = 5B38A31A2154EDCE00B73B79 /* PresentWithDamping.swift */; };
		5B38A31D2154F09300B73B79 /* DismissCurrentVC.swift in Sources */ = {isa = PBXBuildFile; fileRef = 5B38A31C2154F09300B73B79 /* DismissCurrentVC.swift */; };
		5B38A31F2154F1EE00B73B79 /* LeftPresentAnimation.swift in Sources */ = {isa = PBXBuildFile; fileRef = 5B38A31E2154F1EE00B73B79 /* LeftPresentAnimation.swift */; };
		5B38A3212154FA5400B73B79 /* TableViewController.swift in Sources */ = {isa = PBXBuildFile; fileRef = 5B38A3202154FA5400B73B79 /* TableViewController.swift */; };
		5B38A3242154FA7000B73B79 /* DataModel.swift in Sources */ = {isa = PBXBuildFile; fileRef = 5B38A3232154FA7000B73B79 /* DataModel.swift */; };
		5B38A3262154FD2E00B73B79 /* NetworkingManager.swift in Sources */ = {isa = PBXBuildFile; fileRef = 5B38A3252154FD2E00B73B79 /* NetworkingManager.swift */; };
		5B38A3282154FF0B00B73B79 /* CustomCell.xib in Resources */ = {isa = PBXBuildFile; fileRef = 5B38A3272154FF0B00B73B79 /* CustomCell.xib */; };
		5B38A32A21550C6700B73B79 /* CustomCell.swift in Sources */ = {isa = PBXBuildFile; fileRef = 5B38A32921550C6700B73B79 /* CustomCell.swift */; };
		5B38A32C21552E3600B73B79 /* CustomCellViewModel.swift in Sources */ = {isa = PBXBuildFile; fileRef = 5B38A32B21552E3600B73B79 /* CustomCellViewModel.swift */; };
		5B3F5507215B8BCC00A1D9D2 /* StackViewController.swift in Sources */ = {isa = PBXBuildFile; fileRef = 5B3F5506215B8BCC00A1D9D2 /* StackViewController.swift */; };
		5B3F5509215B982400A1D9D2 /* CoreAnimationViewController.swift in Sources */ = {isa = PBXBuildFile; fileRef = 5B3F5508215B982400A1D9D2 /* CoreAnimationViewController.swift */; };
		5B410AED21523D1A007C4AD0 /* GestureViewController.swift in Sources */ = {isa = PBXBuildFile; fileRef = 5B410AEC21523D1A007C4AD0 /* GestureViewController.swift */; };
		5B434CD02159349E00FF9FFE /* CollectionViewController.swift in Sources */ = {isa = PBXBuildFile; fileRef = 5B434CCF2159349E00FF9FFE /* CollectionViewController.swift */; };
		5B434CD22159454000FF9FFE /* ImageCell.xib in Resources */ = {isa = PBXBuildFile; fileRef = 5B434CD12159454000FF9FFE /* ImageCell.xib */; };
		5B434CD42159455700FF9FFE /* ImageCell.swift in Sources */ = {isa = PBXBuildFile; fileRef = 5B434CD32159455700FF9FFE /* ImageCell.swift */; };
		5B434CD6215945DB00FF9FFE /* ImageCellViewModel.swift in Sources */ = {isa = PBXBuildFile; fileRef = 5B434CD5215945DB00FF9FFE /* ImageCellViewModel.swift */; };
		5B434CD82159490400FF9FFE /* ImageViewController.swift in Sources */ = {isa = PBXBuildFile; fileRef = 5B434CD72159490400FF9FFE /* ImageViewController.swift */; };
		5B434CDC21594C2C00FF9FFE /* CustomImageView.swift in Sources */ = {isa = PBXBuildFile; fileRef = 5B434CDB21594C2C00FF9FFE /* CustomImageView.swift */; };
		5B434CDE21594CA200FF9FFE /* BigImageShowView.swift in Sources */ = {isa = PBXBuildFile; fileRef = 5B434CDD21594CA200FF9FFE /* BigImageShowView.swift */; };
		5B57548B215E5EFF0062BF72 /* Mapper.swift in Sources */ = {isa = PBXBuildFile; fileRef = 5B57548A215E5EFF0062BF72 /* Mapper.swift */; };
		5B57548D215E637C0062BF72 /* News.swift in Sources */ = {isa = PBXBuildFile; fileRef = 5B57548C215E637C0062BF72 /* News.swift */; };
		5B575491215E69AF0062BF72 /* NewsCell.swift in Sources */ = {isa = PBXBuildFile; fileRef = 5B57548F215E69AF0062BF72 /* NewsCell.swift */; };
		5B575494215E6E990062BF72 /* NewsCellViewModel.swift in Sources */ = {isa = PBXBuildFile; fileRef = 5B575493215E6E990062BF72 /* NewsCellViewModel.swift */; };
		5B5CF375214FB96300515EEE /* FourthViewController.storyboard in Resources */ = {isa = PBXBuildFile; fileRef = 5B5CF374214FB96300515EEE /* FourthViewController.storyboard */; };
		5B5CF379214FBEFF00515EEE /* CustomAppDelegate.swift in Sources */ = {isa = PBXBuildFile; fileRef = 5B5CF378214FBEFF00515EEE /* CustomAppDelegate.swift */; };
		5B5CF38321500BBB00515EEE /* FirstViewController.swift in Sources */ = {isa = PBXBuildFile; fileRef = 5B5CF38221500BBB00515EEE /* FirstViewController.swift */; };
		5B6502A0215D3C9C0051747F /* FirstTap.storyboard in Resources */ = {isa = PBXBuildFile; fileRef = 5B6502A2215D3C9C0051747F /* FirstTap.storyboard */; };
		5B6502A7215D3CA80051747F /* SecondTap.storyboard in Resources */ = {isa = PBXBuildFile; fileRef = 5B6502A9215D3CA80051747F /* SecondTap.storyboard */; };
		5BC01EF5215141FB009D5081 /* ThreadSafeInt.swift in Sources */ = {isa = PBXBuildFile; fileRef = 5BC01EF4215141FB009D5081 /* ThreadSafeInt.swift */; };
		5BD31E36214AA4B10097927B /* CustomTabBarController.swift in Sources */ = {isa = PBXBuildFile; fileRef = 5BD31E35214AA4B10097927B /* CustomTabBarController.swift */; };
		5BF1C337216240EB00693B1F /* CategoryViewController.swift in Sources */ = {isa = PBXBuildFile; fileRef = 5BF1C336216240EB00693B1F /* CategoryViewController.swift */; };
		5BF1C33921625C8000693B1F /* NewsViewController.swift in Sources */ = {isa = PBXBuildFile; fileRef = 5BF1C33821625C8000693B1F /* NewsViewController.swift */; };
		5BF1C33A216277C800693B1F /* ThirdTap.storyboard in Resources */ = {isa = PBXBuildFile; fileRef = 5BF1C33C216277C800693B1F /* ThirdTap.storyboard */; };
		5BF1C341216277ED00693B1F /* NewsCell.xib in Resources */ = {isa = PBXBuildFile; fileRef = 5BF1C343216277ED00693B1F /* NewsCell.xib */; };
		635E18A6A1059679B3B38B50 /* Pods_TestProject.framework in Frameworks */ = {isa = PBXBuildFile; fileRef = 5719E8B8F1896240D09995A2 /* Pods_TestProject.framework */; };
/* End PBXBuildFile section */

/* Begin PBXBuildRule section */
		5B2810462164AF4E000AF33D /* PBXBuildRule */ = {
			isa = PBXBuildRule;
			compilerSpec = com.apple.compilers.proxy.script;
			fileType = asset.file.usd;
			isEditable = 1;
			outputFiles = (
			);
			script = "# asset_validation\n";
		};
/* End PBXBuildRule section */

/* Begin PBXFileReference section */
		5719E8B8F1896240D09995A2 /* Pods_TestProject.framework */ = {isa = PBXFileReference; explicitFileType = wrapper.framework; includeInIndex = 0; path = Pods_TestProject.framework; sourceTree = BUILT_PRODUCTS_DIR; };
		5B02EB9C215E09E7009B8346 /* en */ = {isa = PBXFileReference; lastKnownFileType = text.plist.strings; name = en; path = en.lproj/Localizable.strings; sourceTree = "<group>"; };
		5B02EB9E215E09E9009B8346 /* ru */ = {isa = PBXFileReference; lastKnownFileType = text.plist.strings; name = ru; path = ru.lproj/Localizable.strings; sourceTree = "<group>"; };
		5B02EBA8215E0FED009B8346 /* Base */ = {isa = PBXFileReference; lastKnownFileType = file.storyboard; name = Base; path = Base.lproj/NewViewController.storyboard; sourceTree = "<group>"; };
		5B02EBAB215E0FEF009B8346 /* en */ = {isa = PBXFileReference; lastKnownFileType = text.plist.strings; name = en; path = en.lproj/NewViewController.strings; sourceTree = "<group>"; };
		5B02EBAD215E0FF0009B8346 /* ru */ = {isa = PBXFileReference; lastKnownFileType = text.plist.strings; name = ru; path = ru.lproj/NewViewController.strings; sourceTree = "<group>"; };
		5B27AC4D215A3C8C00D1384E /* ImageCollectionViewLayout.swift */ = {isa = PBXFileReference; lastKnownFileType = sourcecode.swift; path = ImageCollectionViewLayout.swift; sourceTree = "<group>"; };
		5B27AC4F215A73B500D1384E /* ScrollCollectionViewController.swift */ = {isa = PBXFileReference; lastKnownFileType = sourcecode.swift; path = ScrollCollectionViewController.swift; sourceTree = "<group>"; };
		5B27DA262150E5A2009E8B48 /* CustomPopAnimator.swift */ = {isa = PBXFileReference; lastKnownFileType = sourcecode.swift; path = CustomPopAnimator.swift; sourceTree = "<group>"; };
		5B27DA2921511B1A009E8B48 /* UIObjectViewController.swift */ = {isa = PBXFileReference; lastKnownFileType = sourcecode.swift; path = UIObjectViewController.swift; sourceTree = "<group>"; };
		5B27DA2B215124AB009E8B48 /* Star.swift */ = {isa = PBXFileReference; lastKnownFileType = sourcecode.swift; path = Star.swift; sourceTree = "<group>"; };
		5B2F243B21635B140044F93A /* NetworkRequestBuilder.swift */ = {isa = PBXFileReference; lastKnownFileType = sourcecode.swift; path = NetworkRequestBuilder.swift; sourceTree = "<group>"; };
		5B2F243F216394430044F93A /* TestApiController.swift */ = {isa = PBXFileReference; lastKnownFileType = sourcecode.swift; path = TestApiController.swift; sourceTree = "<group>"; };
		5B30F4A3214A961E0078D070 /* TestProject.app */ = {isa = PBXFileReference; explicitFileType = wrapper.application; includeInIndex = 0; path = TestProject.app; sourceTree = BUILT_PRODUCTS_DIR; };
		5B30F4A8214A961E0078D070 /* TextViewController.swift */ = {isa = PBXFileReference; lastKnownFileType = sourcecode.swift; path = TextViewController.swift; sourceTree = "<group>"; };
		5B30F4AD214A96200078D070 /* Assets.xcassets */ = {isa = PBXFileReference; lastKnownFileType = folder.assetcatalog; path = Assets.xcassets; sourceTree = "<group>"; };
		5B30F4B0214A96200078D070 /* Base */ = {isa = PBXFileReference; lastKnownFileType = file.storyboard; name = Base; path = Base.lproj/LaunchScreen.storyboard; sourceTree = "<group>"; };
		5B30F4B2214A96200078D070 /* Info.plist */ = {isa = PBXFileReference; lastKnownFileType = text.plist.xml; path = Info.plist; sourceTree = "<group>"; };
		5B30F4BA214A98AC0078D070 /* SecondViewController.swift */ = {isa = PBXFileReference; lastKnownFileType = sourcecode.swift; path = SecondViewController.swift; sourceTree = "<group>"; };
		5B30F4BC214A98B40078D070 /* ThirdViewController.swift */ = {isa = PBXFileReference; lastKnownFileType = sourcecode.swift; path = ThirdViewController.swift; sourceTree = "<group>"; };
		5B30F4BE214A98D70078D070 /* FourthViewController.swift */ = {isa = PBXFileReference; lastKnownFileType = sourcecode.swift; path = FourthViewController.swift; sourceTree = "<group>"; };
		5B30F4C0214A98DE0078D070 /* NewViewController.swift */ = {isa = PBXFileReference; lastKnownFileType = sourcecode.swift; path = NewViewController.swift; sourceTree = "<group>"; };
		5B30F4C2214A9C8D0078D070 /* AnimationFromRightCorner.swift */ = {isa = PBXFileReference; lastKnownFileType = sourcecode.swift; path = AnimationFromRightCorner.swift; sourceTree = "<group>"; };
		5B3384B52153993600736F5D /* DynamicsViewController.swift */ = {isa = PBXFileReference; lastKnownFileType = sourcecode.swift; path = DynamicsViewController.swift; sourceTree = "<group>"; };
		5B3384B92153A07400736F5D /* DynamicsView.swift */ = {isa = PBXFileReference; lastKnownFileType = sourcecode.swift; path = DynamicsView.swift; sourceTree = "<group>"; };
		5B3384BB2153E5CD00736F5D /* AnimationsViewController.swift */ = {isa = PBXFileReference; lastKnownFileType = sourcecode.swift; path = AnimationsViewController.swift; sourceTree = "<group>"; };
		5B38A3162154DD5D00B73B79 /* PresentingViewController.swift */ = {isa = PBXFileReference; lastKnownFileType = sourcecode.swift; path = PresentingViewController.swift; sourceTree = "<group>"; };
		5B38A3182154E40A00B73B79 /* PresentRotateAnimation.swift */ = {isa = PBXFileReference; lastKnownFileType = sourcecode.swift; path = PresentRotateAnimation.swift; sourceTree = "<group>"; };
		5B38A31A2154EDCE00B73B79 /* PresentWithDamping.swift */ = {isa = PBXFileReference; lastKnownFileType = sourcecode.swift; path = PresentWithDamping.swift; sourceTree = "<group>"; };
		5B38A31C2154F09300B73B79 /* DismissCurrentVC.swift */ = {isa = PBXFileReference; lastKnownFileType = sourcecode.swift; path = DismissCurrentVC.swift; sourceTree = "<group>"; };
		5B38A31E2154F1EE00B73B79 /* LeftPresentAnimation.swift */ = {isa = PBXFileReference; lastKnownFileType = sourcecode.swift; path = LeftPresentAnimation.swift; sourceTree = "<group>"; };
		5B38A3202154FA5400B73B79 /* TableViewController.swift */ = {isa = PBXFileReference; lastKnownFileType = sourcecode.swift; path = TableViewController.swift; sourceTree = "<group>"; };
		5B38A3232154FA7000B73B79 /* DataModel.swift */ = {isa = PBXFileReference; lastKnownFileType = sourcecode.swift; path = DataModel.swift; sourceTree = "<group>"; };
		5B38A3252154FD2E00B73B79 /* NetworkingManager.swift */ = {isa = PBXFileReference; lastKnownFileType = sourcecode.swift; path = NetworkingManager.swift; sourceTree = "<group>"; };
		5B38A3272154FF0B00B73B79 /* CustomCell.xib */ = {isa = PBXFileReference; lastKnownFileType = file.xib; path = CustomCell.xib; sourceTree = "<group>"; };
		5B38A32921550C6700B73B79 /* CustomCell.swift */ = {isa = PBXFileReference; lastKnownFileType = sourcecode.swift; path = CustomCell.swift; sourceTree = "<group>"; };
		5B38A32B21552E3600B73B79 /* CustomCellViewModel.swift */ = {isa = PBXFileReference; lastKnownFileType = sourcecode.swift; path = CustomCellViewModel.swift; sourceTree = "<group>"; };
		5B3F5506215B8BCC00A1D9D2 /* StackViewController.swift */ = {isa = PBXFileReference; lastKnownFileType = sourcecode.swift; path = StackViewController.swift; sourceTree = "<group>"; };
		5B3F5508215B982400A1D9D2 /* CoreAnimationViewController.swift */ = {isa = PBXFileReference; lastKnownFileType = sourcecode.swift; path = CoreAnimationViewController.swift; sourceTree = "<group>"; };
		5B410AEC21523D1A007C4AD0 /* GestureViewController.swift */ = {isa = PBXFileReference; lastKnownFileType = sourcecode.swift; path = GestureViewController.swift; sourceTree = "<group>"; };
		5B434CCF2159349E00FF9FFE /* CollectionViewController.swift */ = {isa = PBXFileReference; lastKnownFileType = sourcecode.swift; path = CollectionViewController.swift; sourceTree = "<group>"; };
		5B434CD12159454000FF9FFE /* ImageCell.xib */ = {isa = PBXFileReference; lastKnownFileType = file.xib; path = ImageCell.xib; sourceTree = "<group>"; };
		5B434CD32159455700FF9FFE /* ImageCell.swift */ = {isa = PBXFileReference; lastKnownFileType = sourcecode.swift; path = ImageCell.swift; sourceTree = "<group>"; };
		5B434CD5215945DB00FF9FFE /* ImageCellViewModel.swift */ = {isa = PBXFileReference; lastKnownFileType = sourcecode.swift; path = ImageCellViewModel.swift; sourceTree = "<group>"; };
		5B434CD72159490400FF9FFE /* ImageViewController.swift */ = {isa = PBXFileReference; lastKnownFileType = sourcecode.swift; path = ImageViewController.swift; sourceTree = "<group>"; };
		5B434CDB21594C2C00FF9FFE /* CustomImageView.swift */ = {isa = PBXFileReference; lastKnownFileType = sourcecode.swift; path = CustomImageView.swift; sourceTree = "<group>"; };
		5B434CDD21594CA200FF9FFE /* BigImageShowView.swift */ = {isa = PBXFileReference; lastKnownFileType = sourcecode.swift; path = BigImageShowView.swift; sourceTree = "<group>"; };
		5B57548A215E5EFF0062BF72 /* Mapper.swift */ = {isa = PBXFileReference; lastKnownFileType = sourcecode.swift; path = Mapper.swift; sourceTree = "<group>"; };
		5B57548C215E637C0062BF72 /* News.swift */ = {isa = PBXFileReference; lastKnownFileType = sourcecode.swift; path = News.swift; sourceTree = "<group>"; };
		5B57548F215E69AF0062BF72 /* NewsCell.swift */ = {isa = PBXFileReference; lastKnownFileType = sourcecode.swift; path = NewsCell.swift; sourceTree = "<group>"; };
		5B575493215E6E990062BF72 /* NewsCellViewModel.swift */ = {isa = PBXFileReference; lastKnownFileType = sourcecode.swift; path = NewsCellViewModel.swift; sourceTree = "<group>"; };
		5B5CF374214FB96300515EEE /* FourthViewController.storyboard */ = {isa = PBXFileReference; lastKnownFileType = file.storyboard; path = FourthViewController.storyboard; sourceTree = "<group>"; };
		5B5CF378214FBEFF00515EEE /* CustomAppDelegate.swift */ = {isa = PBXFileReference; lastKnownFileType = sourcecode.swift; path = CustomAppDelegate.swift; sourceTree = "<group>"; };
		5B5CF38221500BBB00515EEE /* FirstViewController.swift */ = {isa = PBXFileReference; lastKnownFileType = sourcecode.swift; path = FirstViewController.swift; sourceTree = "<group>"; };
		5B65029F215D3C920051747F /* ru */ = {isa = PBXFileReference; lastKnownFileType = text.plist.strings; name = ru; path = ru.lproj/LaunchScreen.strings; sourceTree = "<group>"; };
		5B6502A1215D3C9C0051747F /* Base */ = {isa = PBXFileReference; lastKnownFileType = file.storyboard; name = Base; path = Base.lproj/FirstTap.storyboard; sourceTree = "<group>"; };
		5B6502A4215D3C9F0051747F /* en */ = {isa = PBXFileReference; lastKnownFileType = text.plist.strings; name = en; path = en.lproj/FirstTap.strings; sourceTree = "<group>"; };
		5B6502A6215D3CA00051747F /* ru */ = {isa = PBXFileReference; lastKnownFileType = text.plist.strings; name = ru; path = ru.lproj/FirstTap.strings; sourceTree = "<group>"; };
		5B6502A8215D3CA80051747F /* Base */ = {isa = PBXFileReference; lastKnownFileType = file.storyboard; name = Base; path = Base.lproj/SecondTap.storyboard; sourceTree = "<group>"; };
		5B6502AB215D3CAA0051747F /* en */ = {isa = PBXFileReference; lastKnownFileType = text.plist.strings; name = en; path = en.lproj/SecondTap.strings; sourceTree = "<group>"; };
		5B6502AD215D3CAE0051747F /* ru */ = {isa = PBXFileReference; lastKnownFileType = text.plist.strings; name = ru; path = ru.lproj/SecondTap.strings; sourceTree = "<group>"; };
		5BC01EF4215141FB009D5081 /* ThreadSafeInt.swift */ = {isa = PBXFileReference; lastKnownFileType = sourcecode.swift; path = ThreadSafeInt.swift; sourceTree = "<group>"; };
		5BD31E35214AA4B10097927B /* CustomTabBarController.swift */ = {isa = PBXFileReference; lastKnownFileType = sourcecode.swift; path = CustomTabBarController.swift; sourceTree = "<group>"; };
		5BF1C336216240EB00693B1F /* CategoryViewController.swift */ = {isa = PBXFileReference; lastKnownFileType = sourcecode.swift; path = CategoryViewController.swift; sourceTree = "<group>"; };
		5BF1C33821625C8000693B1F /* NewsViewController.swift */ = {isa = PBXFileReference; lastKnownFileType = sourcecode.swift; path = NewsViewController.swift; sourceTree = "<group>"; };
		5BF1C33B216277C800693B1F /* Base */ = {isa = PBXFileReference; lastKnownFileType = file.storyboard; name = Base; path = Base.lproj/ThirdTap.storyboard; sourceTree = "<group>"; };
		5BF1C33E216277CA00693B1F /* en */ = {isa = PBXFileReference; lastKnownFileType = text.plist.strings; name = en; path = en.lproj/ThirdTap.strings; sourceTree = "<group>"; };
		5BF1C340216277CB00693B1F /* ru */ = {isa = PBXFileReference; lastKnownFileType = text.plist.strings; name = ru; path = ru.lproj/ThirdTap.strings; sourceTree = "<group>"; };
		5BF1C342216277ED00693B1F /* Base */ = {isa = PBXFileReference; lastKnownFileType = file.xib; name = Base; path = Base.lproj/NewsCell.xib; sourceTree = "<group>"; };
		5BF1C345216277EF00693B1F /* en */ = {isa = PBXFileReference; lastKnownFileType = text.plist.strings; name = en; path = en.lproj/NewsCell.strings; sourceTree = "<group>"; };
		5BF1C347216277F000693B1F /* ru */ = {isa = PBXFileReference; lastKnownFileType = text.plist.strings; name = ru; path = ru.lproj/NewsCell.strings; sourceTree = "<group>"; };
		95D0B0F5C39744841297646D /* Pods-TestProject.debug.xcconfig */ = {isa = PBXFileReference; includeInIndex = 1; lastKnownFileType = text.xcconfig; name = "Pods-TestProject.debug.xcconfig"; path = "Pods/Target Support Files/Pods-TestProject/Pods-TestProject.debug.xcconfig"; sourceTree = "<group>"; };
		E3990250FA745578646F80AB /* Pods-TestProject.release.xcconfig */ = {isa = PBXFileReference; includeInIndex = 1; lastKnownFileType = text.xcconfig; name = "Pods-TestProject.release.xcconfig"; path = "Pods/Target Support Files/Pods-TestProject/Pods-TestProject.release.xcconfig"; sourceTree = "<group>"; };
/* End PBXFileReference section */

/* Begin PBXFrameworksBuildPhase section */
		5B30F4A0214A961E0078D070 /* Frameworks */ = {
			isa = PBXFrameworksBuildPhase;
			buildActionMask = 2147483647;
			files = (
				635E18A6A1059679B3B38B50 /* Pods_TestProject.framework in Frameworks */,
			);
			runOnlyForDeploymentPostprocessing = 0;
		};
/* End PBXFrameworksBuildPhase section */

/* Begin PBXGroup section */
		5B27DA282150EF8E009E8B48 /* Animation */ = {
			isa = PBXGroup;
			children = (
				5B27DA262150E5A2009E8B48 /* CustomPopAnimator.swift */,
				5B30F4C2214A9C8D0078D070 /* AnimationFromRightCorner.swift */,
				5B38A3182154E40A00B73B79 /* PresentRotateAnimation.swift */,
				5B38A31A2154EDCE00B73B79 /* PresentWithDamping.swift */,
				5B38A31C2154F09300B73B79 /* DismissCurrentVC.swift */,
				5B38A31E2154F1EE00B73B79 /* LeftPresentAnimation.swift */,
			);
			path = Animation;
			sourceTree = "<group>";
		};
		5B30F49A214A961E0078D070 = {
			isa = PBXGroup;
			children = (
				5B30F4A5214A961E0078D070 /* TestProject */,
				5B30F4A4214A961E0078D070 /* Products */,
				BC2C98440C33D62E74C39EE3 /* Pods */,
				754807EB35636B899EC737ED /* Frameworks */,
			);
			sourceTree = "<group>";
		};
		5B30F4A4214A961E0078D070 /* Products */ = {
			isa = PBXGroup;
			children = (
				5B30F4A3214A961E0078D070 /* TestProject.app */,
			);
			name = Products;
			sourceTree = "<group>";
		};
		5B30F4A5214A961E0078D070 /* TestProject */ = {
			isa = PBXGroup;
			children = (
				5B5CF378214FBEFF00515EEE /* CustomAppDelegate.swift */,
				5B30F4B9214A98940078D070 /* ViewController */,
				5B30F4B8214A988C0078D070 /* View */,
				5B38A3222154FA5E00B73B79 /* Model */,
				5BF1C348216283BE00693B1F /* Networking */,
				5B30F4AD214A96200078D070 /* Assets.xcassets */,
				5B30F4B2214A96200078D070 /* Info.plist */,
				5B02EB9D215E09E7009B8346 /* Localizable.strings */,
			);
			path = TestProject;
			sourceTree = "<group>";
		};
		5B30F4B8214A988C0078D070 /* View */ = {
			isa = PBXGroup;
			children = (
				5B30F4AF214A96200078D070 /* LaunchScreen.storyboard */,
				5B6502A2215D3C9C0051747F /* FirstTap.storyboard */,
				5B6502A9215D3CA80051747F /* SecondTap.storyboard */,
				5B57548E215E69860062BF72 /* ThirdTap */,
				5B5CF374214FB96300515EEE /* FourthViewController.storyboard */,
				5B02EBA9215E0FED009B8346 /* NewViewController.storyboard */,
				5B434CDB21594C2C00FF9FFE /* CustomImageView.swift */,
				5B27DA2B215124AB009E8B48 /* Star.swift */,
				5B3384B92153A07400736F5D /* DynamicsView.swift */,
				5B38A3272154FF0B00B73B79 /* CustomCell.xib */,
				5B38A32921550C6700B73B79 /* CustomCell.swift */,
				5B38A32B21552E3600B73B79 /* CustomCellViewModel.swift */,
				5B434CD12159454000FF9FFE /* ImageCell.xib */,
				5B434CD32159455700FF9FFE /* ImageCell.swift */,
				5B434CD5215945DB00FF9FFE /* ImageCellViewModel.swift */,
				5B434CDD21594CA200FF9FFE /* BigImageShowView.swift */,
				5B27AC4D215A3C8C00D1384E /* ImageCollectionViewLayout.swift */,
			);
			path = View;
			sourceTree = "<group>";
		};
		5B30F4B9214A98940078D070 /* ViewController */ = {
			isa = PBXGroup;
			children = (
				5B38A3142154DA1C00B73B79 /* FirstTab */,
				5B38A3152154DC4C00B73B79 /* SecondTap */,
				5B575489215E5D8B0062BF72 /* ThirdTap */,
				5B30F4BE214A98D70078D070 /* FourthViewController.swift */,
				5BD31E35214AA4B10097927B /* CustomTabBarController.swift */,
				5BC01EF4215141FB009D5081 /* ThreadSafeInt.swift */,
				5B30F4C0214A98DE0078D070 /* NewViewController.swift */,
				5B27DA282150EF8E009E8B48 /* Animation */,
			);
			path = ViewController;
			sourceTree = "<group>";
		};
		5B38A3142154DA1C00B73B79 /* FirstTab */ = {
			isa = PBXGroup;
			children = (
				5B5CF38221500BBB00515EEE /* FirstViewController.swift */,
				5B3384B52153993600736F5D /* DynamicsViewController.swift */,
				5B410AEC21523D1A007C4AD0 /* GestureViewController.swift */,
				5B27DA2921511B1A009E8B48 /* UIObjectViewController.swift */,
				5B30F4A8214A961E0078D070 /* TextViewController.swift */,
				5B3384BB2153E5CD00736F5D /* AnimationsViewController.swift */,
			);
			path = FirstTab;
			sourceTree = "<group>";
		};
		5B38A3152154DC4C00B73B79 /* SecondTap */ = {
			isa = PBXGroup;
			children = (
				5B30F4BA214A98AC0078D070 /* SecondViewController.swift */,
				5B38A3162154DD5D00B73B79 /* PresentingViewController.swift */,
				5B38A3202154FA5400B73B79 /* TableViewController.swift */,
				5B434CD72159490400FF9FFE /* ImageViewController.swift */,
				5B434CCF2159349E00FF9FFE /* CollectionViewController.swift */,
				5B27AC4F215A73B500D1384E /* ScrollCollectionViewController.swift */,
				5B3F5506215B8BCC00A1D9D2 /* StackViewController.swift */,
				5B3F5508215B982400A1D9D2 /* CoreAnimationViewController.swift */,
			);
			path = SecondTap;
			sourceTree = "<group>";
		};
		5B38A3222154FA5E00B73B79 /* Model */ = {
			isa = PBXGroup;
			children = (
				5B38A3232154FA7000B73B79 /* DataModel.swift */,
				5B57548C215E637C0062BF72 /* News.swift */,
			);
			path = Model;
			sourceTree = "<group>";
		};
		5B575489215E5D8B0062BF72 /* ThirdTap */ = {
			isa = PBXGroup;
			children = (
				5B30F4BC214A98B40078D070 /* ThirdViewController.swift */,
				5BF1C336216240EB00693B1F /* CategoryViewController.swift */,
				5BF1C33821625C8000693B1F /* NewsViewController.swift */,
				5B2F243F216394430044F93A /* TestApiController.swift */,
			);
			path = ThirdTap;
			sourceTree = "<group>";
		};
		5B57548E215E69860062BF72 /* ThirdTap */ = {
			isa = PBXGroup;
			children = (
				5BF1C33C216277C800693B1F /* ThirdTap.storyboard */,
				5B57548F215E69AF0062BF72 /* NewsCell.swift */,
				5BF1C343216277ED00693B1F /* NewsCell.xib */,
				5B575493215E6E990062BF72 /* NewsCellViewModel.swift */,
			);
			path = ThirdTap;
			sourceTree = "<group>";
		};
		5BF1C348216283BE00693B1F /* Networking */ = {
			isa = PBXGroup;
			children = (
				5B57548A215E5EFF0062BF72 /* Mapper.swift */,
				5B38A3252154FD2E00B73B79 /* NetworkingManager.swift */,
				5B2F243B21635B140044F93A /* NetworkRequestBuilder.swift */,
			);
			path = Networking;
			sourceTree = "<group>";
		};
		754807EB35636B899EC737ED /* Frameworks */ = {
			isa = PBXGroup;
			children = (
				5719E8B8F1896240D09995A2 /* Pods_TestProject.framework */,
			);
			name = Frameworks;
			sourceTree = "<group>";
		};
		BC2C98440C33D62E74C39EE3 /* Pods */ = {
			isa = PBXGroup;
			children = (
				95D0B0F5C39744841297646D /* Pods-TestProject.debug.xcconfig */,
				E3990250FA745578646F80AB /* Pods-TestProject.release.xcconfig */,
			);
			name = Pods;
			sourceTree = "<group>";
		};
/* End PBXGroup section */

/* Begin PBXNativeTarget section */
		5B30F4A2214A961E0078D070 /* TestProject */ = {
			isa = PBXNativeTarget;
			buildConfigurationList = 5B30F4B5214A96200078D070 /* Build configuration list for PBXNativeTarget "TestProject" */;
			buildPhases = (
				29B193AC62488286E4FB81E7 /* [CP] Check Pods Manifest.lock */,
				5B30F49F214A961E0078D070 /* Sources */,
				5B30F4A0214A961E0078D070 /* Frameworks */,
				5B30F4A1214A961E0078D070 /* Resources */,
				BC1B934EA85FF6E568C01926 /* [CP] Embed Pods Frameworks */,
			);
			buildRules = (
				5B2810462164AF4E000AF33D /* PBXBuildRule */,
			);
			dependencies = (
			);
			name = TestProject;
			productName = TestProject;
			productReference = 5B30F4A3214A961E0078D070 /* TestProject.app */;
			productType = "com.apple.product-type.application";
		};
/* End PBXNativeTarget section */

/* Begin PBXProject section */
		5B30F49B214A961E0078D070 /* Project object */ = {
			isa = PBXProject;
			attributes = {
				LastSwiftUpdateCheck = 0940;
				LastUpgradeCheck = 0940;
				ORGANIZATIONNAME = Silchenko;
				TargetAttributes = {
					5B30F4A2214A961E0078D070 = {
						CreatedOnToolsVersion = 9.4.1;
					};
				};
			};
			buildConfigurationList = 5B30F49E214A961E0078D070 /* Build configuration list for PBXProject "TestProject" */;
			compatibilityVersion = "Xcode 9.3";
			developmentRegion = en;
			hasScannedForEncodings = 0;
			knownRegions = (
				en,
				Base,
				ru,
			);
			mainGroup = 5B30F49A214A961E0078D070;
			productRefGroup = 5B30F4A4214A961E0078D070 /* Products */;
			projectDirPath = "";
			projectRoot = "";
			targets = (
				5B30F4A2214A961E0078D070 /* TestProject */,
			);
		};
/* End PBXProject section */

/* Begin PBXResourcesBuildPhase section */
		5B30F4A1214A961E0078D070 /* Resources */ = {
			isa = PBXResourcesBuildPhase;
			buildActionMask = 2147483647;
			files = (
				5B6502A0215D3C9C0051747F /* FirstTap.storyboard in Resources */,
				5B5CF375214FB96300515EEE /* FourthViewController.storyboard in Resources */,
				5B02EBA7215E0FED009B8346 /* NewViewController.storyboard in Resources */,
				5B30F4B1214A96200078D070 /* LaunchScreen.storyboard in Resources */,
				5BF1C341216277ED00693B1F /* NewsCell.xib in Resources */,
				5B02EB9B215E09E7009B8346 /* Localizable.strings in Resources */,
				5BF1C33A216277C800693B1F /* ThirdTap.storyboard in Resources */,
				5B30F4AE214A96200078D070 /* Assets.xcassets in Resources */,
				5B434CD22159454000FF9FFE /* ImageCell.xib in Resources */,
				5B38A3282154FF0B00B73B79 /* CustomCell.xib in Resources */,
				5B6502A7215D3CA80051747F /* SecondTap.storyboard in Resources */,
			);
			runOnlyForDeploymentPostprocessing = 0;
		};
/* End PBXResourcesBuildPhase section */

/* Begin PBXShellScriptBuildPhase section */
		29B193AC62488286E4FB81E7 /* [CP] Check Pods Manifest.lock */ = {
			isa = PBXShellScriptBuildPhase;
			buildActionMask = 2147483647;
			files = (
			);
			inputFileListPaths = (
			);
			inputPaths = (
				"${PODS_PODFILE_DIR_PATH}/Podfile.lock",
				"${PODS_ROOT}/Manifest.lock",
			);
			name = "[CP] Check Pods Manifest.lock";
			outputFileListPaths = (
			);
			outputPaths = (
				"$(DERIVED_FILE_DIR)/Pods-TestProject-checkManifestLockResult.txt",
			);
			runOnlyForDeploymentPostprocessing = 0;
			shellPath = /bin/sh;
			shellScript = "diff \"${PODS_PODFILE_DIR_PATH}/Podfile.lock\" \"${PODS_ROOT}/Manifest.lock\" > /dev/null\nif [ $? != 0 ] ; then\n    # print error to STDERR\n    echo \"error: The sandbox is not in sync with the Podfile.lock. Run 'pod install' or update your CocoaPods installation.\" >&2\n    exit 1\nfi\n# This output is used by Xcode 'outputs' to avoid re-running this script phase.\necho \"SUCCESS\" > \"${SCRIPT_OUTPUT_FILE_0}\"\n";
			showEnvVarsInLog = 0;
		};
		BC1B934EA85FF6E568C01926 /* [CP] Embed Pods Frameworks */ = {
			isa = PBXShellScriptBuildPhase;
			buildActionMask = 2147483647;
			files = (
			);
			inputFileListPaths = (
			);
			inputPaths = (
				"${SRCROOT}/Pods/Target Support Files/Pods-TestProject/Pods-TestProject-frameworks.sh",
				"${BUILT_PRODUCTS_DIR}/Alamofire/Alamofire.framework",
				"${BUILT_PRODUCTS_DIR}/SwiftyJSON/SwiftyJSON.framework",
			);
			name = "[CP] Embed Pods Frameworks";
			outputFileListPaths = (
			);
			outputPaths = (
				"${TARGET_BUILD_DIR}/${FRAMEWORKS_FOLDER_PATH}/Alamofire.framework",
				"${TARGET_BUILD_DIR}/${FRAMEWORKS_FOLDER_PATH}/SwiftyJSON.framework",
			);
			runOnlyForDeploymentPostprocessing = 0;
			shellPath = /bin/sh;
			shellScript = "\"${SRCROOT}/Pods/Target Support Files/Pods-TestProject/Pods-TestProject-frameworks.sh\"\n";
			showEnvVarsInLog = 0;
		};
/* End PBXShellScriptBuildPhase section */

/* Begin PBXSourcesBuildPhase section */
		5B30F49F214A961E0078D070 /* Sources */ = {
			isa = PBXSourcesBuildPhase;
			buildActionMask = 2147483647;
			files = (
				5B38A31F2154F1EE00B73B79 /* LeftPresentAnimation.swift in Sources */,
				5B434CDE21594CA200FF9FFE /* BigImageShowView.swift in Sources */,
				5B575494215E6E990062BF72 /* NewsCellViewModel.swift in Sources */,
				5B410AED21523D1A007C4AD0 /* GestureViewController.swift in Sources */,
				5B5CF38321500BBB00515EEE /* FirstViewController.swift in Sources */,
				5B38A32C21552E3600B73B79 /* CustomCellViewModel.swift in Sources */,
				5B38A3262154FD2E00B73B79 /* NetworkingManager.swift in Sources */,
				5B434CD6215945DB00FF9FFE /* ImageCellViewModel.swift in Sources */,
				5B38A3192154E40A00B73B79 /* PresentRotateAnimation.swift in Sources */,
				5BD31E36214AA4B10097927B /* CustomTabBarController.swift in Sources */,
				5B38A3242154FA7000B73B79 /* DataModel.swift in Sources */,
				5B434CDC21594C2C00FF9FFE /* CustomImageView.swift in Sources */,
				5B3384BC2153E5CD00736F5D /* AnimationsViewController.swift in Sources */,
				5B30F4BB214A98AC0078D070 /* SecondViewController.swift in Sources */,
				5B38A3212154FA5400B73B79 /* TableViewController.swift in Sources */,
				5B575491215E69AF0062BF72 /* NewsCell.swift in Sources */,
				5BF1C337216240EB00693B1F /* CategoryViewController.swift in Sources */,
				5B27DA2C215124AB009E8B48 /* Star.swift in Sources */,
				5B30F4A9214A961E0078D070 /* TextViewController.swift in Sources */,
				5B30F4C3214A9C8D0078D070 /* AnimationFromRightCorner.swift in Sources */,
				5B434CD02159349E00FF9FFE /* CollectionViewController.swift in Sources */,
				5B57548B215E5EFF0062BF72 /* Mapper.swift in Sources */,
				5B30F4BD214A98B40078D070 /* ThirdViewController.swift in Sources */,
				5B3384BA2153A07400736F5D /* DynamicsView.swift in Sources */,
				5B30F4C1214A98DE0078D070 /* NewViewController.swift in Sources */,
				5B38A31D2154F09300B73B79 /* DismissCurrentVC.swift in Sources */,
				5B38A32A21550C6700B73B79 /* CustomCell.swift in Sources */,
				5B57548D215E637C0062BF72 /* News.swift in Sources */,
				5B434CD82159490400FF9FFE /* ImageViewController.swift in Sources */,
				5B5CF379214FBEFF00515EEE /* CustomAppDelegate.swift in Sources */,
				5BC01EF5215141FB009D5081 /* ThreadSafeInt.swift in Sources */,
				5B30F4BF214A98D70078D070 /* FourthViewController.swift in Sources */,
				5B27DA272150E5A2009E8B48 /* CustomPopAnimator.swift in Sources */,
				5B3384B62153993600736F5D /* DynamicsViewController.swift in Sources */,
				5BF1C33921625C8000693B1F /* NewsViewController.swift in Sources */,
				5B27DA2A21511B1A009E8B48 /* UIObjectViewController.swift in Sources */,
				5B27AC50215A73B500D1384E /* ScrollCollectionViewController.swift in Sources */,
				5B38A31B2154EDCE00B73B79 /* PresentWithDamping.swift in Sources */,
				5B38A3172154DD5D00B73B79 /* PresentingViewController.swift in Sources */,
				5B3F5507215B8BCC00A1D9D2 /* StackViewController.swift in Sources */,
				5B2F243C21635B140044F93A /* NetworkRequestBuilder.swift in Sources */,
				5B27AC4E215A3C8C00D1384E /* ImageCollectionViewLayout.swift in Sources */,
				5B2F2440216394430044F93A /* TestApiController.swift in Sources */,
				5B3F5509215B982400A1D9D2 /* CoreAnimationViewController.swift in Sources */,
				5B434CD42159455700FF9FFE /* ImageCell.swift in Sources */,
			);
			runOnlyForDeploymentPostprocessing = 0;
		};
/* End PBXSourcesBuildPhase section */

/* Begin PBXVariantGroup section */
		5B02EB9D215E09E7009B8346 /* Localizable.strings */ = {
			isa = PBXVariantGroup;
			children = (
				5B02EB9C215E09E7009B8346 /* en */,
				5B02EB9E215E09E9009B8346 /* ru */,
			);
			name = Localizable.strings;
			sourceTree = "<group>";
		};
		5B02EBA9215E0FED009B8346 /* NewViewController.storyboard */ = {
			isa = PBXVariantGroup;
			children = (
				5B02EBA8215E0FED009B8346 /* Base */,
				5B02EBAB215E0FEF009B8346 /* en */,
				5B02EBAD215E0FF0009B8346 /* ru */,
			);
			name = NewViewController.storyboard;
			sourceTree = "<group>";
		};
		5B30F4AF214A96200078D070 /* LaunchScreen.storyboard */ = {
			isa = PBXVariantGroup;
			children = (
				5B30F4B0214A96200078D070 /* Base */,
				5B65029F215D3C920051747F /* ru */,
			);
			name = LaunchScreen.storyboard;
			sourceTree = "<group>";
		};
		5B6502A2215D3C9C0051747F /* FirstTap.storyboard */ = {
			isa = PBXVariantGroup;
			children = (
				5B6502A1215D3C9C0051747F /* Base */,
				5B6502A4215D3C9F0051747F /* en */,
				5B6502A6215D3CA00051747F /* ru */,
			);
			name = FirstTap.storyboard;
			sourceTree = "<group>";
		};
		5B6502A9215D3CA80051747F /* SecondTap.storyboard */ = {
			isa = PBXVariantGroup;
			children = (
				5B6502A8215D3CA80051747F /* Base */,
				5B6502AB215D3CAA0051747F /* en */,
				5B6502AD215D3CAE0051747F /* ru */,
			);
			name = SecondTap.storyboard;
			sourceTree = "<group>";
		};
		5BF1C33C216277C800693B1F /* ThirdTap.storyboard */ = {
			isa = PBXVariantGroup;
			children = (
				5BF1C33B216277C800693B1F /* Base */,
				5BF1C33E216277CA00693B1F /* en */,
				5BF1C340216277CB00693B1F /* ru */,
			);
			name = ThirdTap.storyboard;
			sourceTree = "<group>";
		};
		5BF1C343216277ED00693B1F /* NewsCell.xib */ = {
			isa = PBXVariantGroup;
			children = (
				5BF1C342216277ED00693B1F /* Base */,
				5BF1C345216277EF00693B1F /* en */,
				5BF1C347216277F000693B1F /* ru */,
			);
			name = NewsCell.xib;
			sourceTree = "<group>";
		};
/* End PBXVariantGroup section */

/* Begin XCBuildConfiguration section */
		5B30F4B3214A96200078D070 /* Debug */ = {
			isa = XCBuildConfiguration;
			buildSettings = {
				ALWAYS_SEARCH_USER_PATHS = NO;
				CLANG_ANALYZER_LOCALIZABILITY_NONLOCALIZED = YES;
				CLANG_ANALYZER_NONNULL = YES;
				CLANG_ANALYZER_NUMBER_OBJECT_CONVERSION = YES_AGGRESSIVE;
				CLANG_CXX_LANGUAGE_STANDARD = "gnu++14";
				CLANG_CXX_LIBRARY = "libc++";
				CLANG_ENABLE_MODULES = YES;
				CLANG_ENABLE_OBJC_ARC = YES;
				CLANG_ENABLE_OBJC_WEAK = YES;
				CLANG_WARN_BLOCK_CAPTURE_AUTORELEASING = YES;
				CLANG_WARN_BOOL_CONVERSION = YES;
				CLANG_WARN_COMMA = YES;
				CLANG_WARN_CONSTANT_CONVERSION = YES;
				CLANG_WARN_DEPRECATED_OBJC_IMPLEMENTATIONS = YES;
				CLANG_WARN_DIRECT_OBJC_ISA_USAGE = YES_ERROR;
				CLANG_WARN_DOCUMENTATION_COMMENTS = YES;
				CLANG_WARN_EMPTY_BODY = YES;
				CLANG_WARN_ENUM_CONVERSION = YES;
				CLANG_WARN_INFINITE_RECURSION = YES;
				CLANG_WARN_INT_CONVERSION = YES;
				CLANG_WARN_NON_LITERAL_NULL_CONVERSION = YES;
				CLANG_WARN_OBJC_IMPLICIT_RETAIN_SELF = YES;
				CLANG_WARN_OBJC_LITERAL_CONVERSION = YES;
				CLANG_WARN_OBJC_ROOT_CLASS = YES_ERROR;
				CLANG_WARN_RANGE_LOOP_ANALYSIS = YES;
				CLANG_WARN_STRICT_PROTOTYPES = YES;
				CLANG_WARN_SUSPICIOUS_MOVE = YES;
				CLANG_WARN_UNGUARDED_AVAILABILITY = YES_AGGRESSIVE;
				CLANG_WARN_UNREACHABLE_CODE = YES;
				CLANG_WARN__DUPLICATE_METHOD_MATCH = YES;
				CODE_SIGN_IDENTITY = "iPhone Developer";
				COPY_PHASE_STRIP = NO;
				DEBUG_INFORMATION_FORMAT = dwarf;
				ENABLE_STRICT_OBJC_MSGSEND = YES;
				ENABLE_TESTABILITY = YES;
				GCC_C_LANGUAGE_STANDARD = gnu11;
				GCC_DYNAMIC_NO_PIC = NO;
				GCC_NO_COMMON_BLOCKS = YES;
				GCC_OPTIMIZATION_LEVEL = 0;
				GCC_PREPROCESSOR_DEFINITIONS = (
					"DEBUG=1",
					"$(inherited)",
				);
				GCC_WARN_64_TO_32_BIT_CONVERSION = YES;
				GCC_WARN_ABOUT_RETURN_TYPE = YES_ERROR;
				GCC_WARN_UNDECLARED_SELECTOR = YES;
				GCC_WARN_UNINITIALIZED_AUTOS = YES_AGGRESSIVE;
				GCC_WARN_UNUSED_FUNCTION = YES;
				GCC_WARN_UNUSED_VARIABLE = YES;
				IPHONEOS_DEPLOYMENT_TARGET = 11.4;
				MTL_ENABLE_DEBUG_INFO = YES;
				ONLY_ACTIVE_ARCH = YES;
				SDKROOT = iphoneos;
				SWIFT_ACTIVE_COMPILATION_CONDITIONS = DEBUG;
				SWIFT_OPTIMIZATION_LEVEL = "-Onone";
			};
			name = Debug;
		};
		5B30F4B4214A96200078D070 /* Release */ = {
			isa = XCBuildConfiguration;
			buildSettings = {
				ALWAYS_SEARCH_USER_PATHS = NO;
				CLANG_ANALYZER_LOCALIZABILITY_NONLOCALIZED = YES;
				CLANG_ANALYZER_NONNULL = YES;
				CLANG_ANALYZER_NUMBER_OBJECT_CONVERSION = YES_AGGRESSIVE;
				CLANG_CXX_LANGUAGE_STANDARD = "gnu++14";
				CLANG_CXX_LIBRARY = "libc++";
				CLANG_ENABLE_MODULES = YES;
				CLANG_ENABLE_OBJC_ARC = YES;
				CLANG_ENABLE_OBJC_WEAK = YES;
				CLANG_WARN_BLOCK_CAPTURE_AUTORELEASING = YES;
				CLANG_WARN_BOOL_CONVERSION = YES;
				CLANG_WARN_COMMA = YES;
				CLANG_WARN_CONSTANT_CONVERSION = YES;
				CLANG_WARN_DEPRECATED_OBJC_IMPLEMENTATIONS = YES;
				CLANG_WARN_DIRECT_OBJC_ISA_USAGE = YES_ERROR;
				CLANG_WARN_DOCUMENTATION_COMMENTS = YES;
				CLANG_WARN_EMPTY_BODY = YES;
				CLANG_WARN_ENUM_CONVERSION = YES;
				CLANG_WARN_INFINITE_RECURSION = YES;
				CLANG_WARN_INT_CONVERSION = YES;
				CLANG_WARN_NON_LITERAL_NULL_CONVERSION = YES;
				CLANG_WARN_OBJC_IMPLICIT_RETAIN_SELF = YES;
				CLANG_WARN_OBJC_LITERAL_CONVERSION = YES;
				CLANG_WARN_OBJC_ROOT_CLASS = YES_ERROR;
				CLANG_WARN_RANGE_LOOP_ANALYSIS = YES;
				CLANG_WARN_STRICT_PROTOTYPES = YES;
				CLANG_WARN_SUSPICIOUS_MOVE = YES;
				CLANG_WARN_UNGUARDED_AVAILABILITY = YES_AGGRESSIVE;
				CLANG_WARN_UNREACHABLE_CODE = YES;
				CLANG_WARN__DUPLICATE_METHOD_MATCH = YES;
				CODE_SIGN_IDENTITY = "iPhone Developer";
				COPY_PHASE_STRIP = NO;
				DEBUG_INFORMATION_FORMAT = "dwarf-with-dsym";
				ENABLE_NS_ASSERTIONS = NO;
				ENABLE_STRICT_OBJC_MSGSEND = YES;
				GCC_C_LANGUAGE_STANDARD = gnu11;
				GCC_NO_COMMON_BLOCKS = YES;
				GCC_WARN_64_TO_32_BIT_CONVERSION = YES;
				GCC_WARN_ABOUT_RETURN_TYPE = YES_ERROR;
				GCC_WARN_UNDECLARED_SELECTOR = YES;
				GCC_WARN_UNINITIALIZED_AUTOS = YES_AGGRESSIVE;
				GCC_WARN_UNUSED_FUNCTION = YES;
				GCC_WARN_UNUSED_VARIABLE = YES;
				IPHONEOS_DEPLOYMENT_TARGET = 11.4;
				MTL_ENABLE_DEBUG_INFO = NO;
				SDKROOT = iphoneos;
				SWIFT_COMPILATION_MODE = wholemodule;
				SWIFT_OPTIMIZATION_LEVEL = "-O";
				VALIDATE_PRODUCT = YES;
			};
			name = Release;
		};
		5B30F4B6214A96200078D070 /* Debug */ = {
			isa = XCBuildConfiguration;
			baseConfigurationReference = 95D0B0F5C39744841297646D /* Pods-TestProject.debug.xcconfig */;
			buildSettings = {
				ASSETCATALOG_COMPILER_APPICON_NAME = AppIcon;
				CODE_SIGN_STYLE = Automatic;
				DEVELOPMENT_TEAM = 3Z7468QB27;
				INFOPLIST_FILE = TestProject/Info.plist;
				LD_RUNPATH_SEARCH_PATHS = (
					"$(inherited)",
					"@executable_path/Frameworks",
				);
				PRODUCT_BUNDLE_IDENTIFIER = com.vladsil.TestProject;
				PRODUCT_NAME = "$(TARGET_NAME)";
				SWIFT_VERSION = 4.0;
				TARGETED_DEVICE_FAMILY = "1,2";
			};
			name = Debug;
		};
		5B30F4B7214A96200078D070 /* Release */ = {
			isa = XCBuildConfiguration;
			baseConfigurationReference = E3990250FA745578646F80AB /* Pods-TestProject.release.xcconfig */;
			buildSettings = {
				ASSETCATALOG_COMPILER_APPICON_NAME = AppIcon;
				CODE_SIGN_STYLE = Automatic;
				DEVELOPMENT_TEAM = 3Z7468QB27;
				INFOPLIST_FILE = TestProject/Info.plist;
				LD_RUNPATH_SEARCH_PATHS = (
					"$(inherited)",
					"@executable_path/Frameworks",
				);
				PRODUCT_BUNDLE_IDENTIFIER = com.vladsil.TestProject;
				PRODUCT_NAME = "$(TARGET_NAME)";
				SWIFT_VERSION = 4.0;
				TARGETED_DEVICE_FAMILY = "1,2";
			};
			name = Release;
		};
/* End XCBuildConfiguration section */

/* Begin XCConfigurationList section */
		5B30F49E214A961E0078D070 /* Build configuration list for PBXProject "TestProject" */ = {
			isa = XCConfigurationList;
			buildConfigurations = (
				5B30F4B3214A96200078D070 /* Debug */,
				5B30F4B4214A96200078D070 /* Release */,
			);
			defaultConfigurationIsVisible = 0;
			defaultConfigurationName = Release;
		};
		5B30F4B5214A96200078D070 /* Build configuration list for PBXNativeTarget "TestProject" */ = {
			isa = XCConfigurationList;
			buildConfigurations = (
				5B30F4B6214A96200078D070 /* Debug */,
				5B30F4B7214A96200078D070 /* Release */,
			);
			defaultConfigurationIsVisible = 0;
			defaultConfigurationName = Release;
		};
/* End XCConfigurationList section */
	};
	rootObject = 5B30F49B214A961E0078D070 /* Project object */;
}
